PODS:
  - Expecta (0.4.2)
  - IKResults (1.0)
  - KIF (3.2.3):
    - KIF/XCTest (= 3.2.3)
  - KIF/XCTest (3.2.3)
  - Specta (0.5.0)

DEPENDENCIES:
  - Expecta (~> 0.3)
  - IKResults (~> 1.0)
  - KIF (~> 3.0)
  - Specta (~> 0.5)

SPEC CHECKSUMS:
  Expecta: 78b4e8b0c8291fa4524d7f74016b6065c2e391ec
  IKResults: 8f2baeae9b8f450c670b52876d2647ed77f60a33
  KIF: a94bffe9c97e449e44f8fa481c53243d21309e1e
  Specta: eb90708ed77569bbda089f8ead10bb99b8e9489e

COCOAPODS: 0.37.1
